// !$*UTF8*$!
{
	archiveVersion = 1;
	classes = {
	};
	objectVersion = 46;
	objects = {

/* Begin PBXBuildFile section */
		015012EB19E7CE94006BF900 /* AppDelegate.swift in Sources */ = {isa = PBXBuildFile; fileRef = 015012EA19E7CE94006BF900 /* AppDelegate.swift */; };
		015012ED19E7CE94006BF900 /* ViewController.swift in Sources */ = {isa = PBXBuildFile; fileRef = 015012EC19E7CE94006BF900 /* ViewController.swift */; };
		015012F019E7CE94006BF900 /* Main.storyboard in Resources */ = {isa = PBXBuildFile; fileRef = 015012EE19E7CE94006BF900 /* Main.storyboard */; };
		015012F219E7CE94006BF900 /* Images.xcassets in Resources */ = {isa = PBXBuildFile; fileRef = 015012F119E7CE94006BF900 /* Images.xcassets */; };
		015012F519E7CE94006BF900 /* LaunchScreen.xib in Resources */ = {isa = PBXBuildFile; fileRef = 015012F319E7CE94006BF900 /* LaunchScreen.xib */; };
		0150130119E7CE94006BF900 /* InstaLike_Tests.swift in Sources */ = {isa = PBXBuildFile; fileRef = 0150130019E7CE94006BF900 /* InstaLike_Tests.swift */; };
/* End PBXBuildFile section */

/* Begin PBXContainerItemProxy section */
		015012FB19E7CE94006BF900 /* PBXContainerItemProxy */ = {
			isa = PBXContainerItemProxy;
			containerPortal = 015012DD19E7CE94006BF900 /* Project object */;
			proxyType = 1;
			remoteGlobalIDString = 015012E419E7CE94006BF900;
			remoteInfo = "InstaLike+";
		};
/* End PBXContainerItemProxy section */

/* Begin PBXFileReference section */
		015012E519E7CE94006BF900 /* InstaLike+.app */ = {isa = PBXFileReference; explicitFileType = wrapper.application; includeInIndex = 0; path = "InstaLike+.app"; sourceTree = BUILT_PRODUCTS_DIR; };
		015012E919E7CE94006BF900 /* Info.plist */ = {isa = PBXFileReference; lastKnownFileType = text.plist.xml; path = Info.plist; sourceTree = "<group>"; };
		015012EA19E7CE94006BF900 /* AppDelegate.swift */ = {isa = PBXFileReference; lastKnownFileType = sourcecode.swift; path = AppDelegate.swift; sourceTree = "<group>"; };
		015012EC19E7CE94006BF900 /* ViewController.swift */ = {isa = PBXFileReference; lastKnownFileType = sourcecode.swift; path = ViewController.swift; sourceTree = "<group>"; };
		015012EF19E7CE94006BF900 /* Base */ = {isa = PBXFileReference; lastKnownFileType = file.storyboard; name = Base; path = Base.lproj/Main.storyboard; sourceTree = "<group>"; };
		015012F119E7CE94006BF900 /* Images.xcassets */ = {isa = PBXFileReference; lastKnownFileType = folder.assetcatalog; path = Images.xcassets; sourceTree = "<group>"; };
		015012F419E7CE94006BF900 /* Base */ = {isa = PBXFileReference; lastKnownFileType = file.xib; name = Base; path = Base.lproj/LaunchScreen.xib; sourceTree = "<group>"; };
		015012FA19E7CE94006BF900 /* InstaLike+Tests.xctest */ = {isa = PBXFileReference; explicitFileType = wrapper.cfbundle; includeInIndex = 0; path = "InstaLike+Tests.xctest"; sourceTree = BUILT_PRODUCTS_DIR; };
		015012FF19E7CE94006BF900 /* Info.plist */ = {isa = PBXFileReference; lastKnownFileType = text.plist.xml; path = Info.plist; sourceTree = "<group>"; };
		0150130019E7CE94006BF900 /* InstaLike_Tests.swift */ = {isa = PBXFileReference; lastKnownFileType = sourcecode.swift; path = InstaLike_Tests.swift; sourceTree = "<group>"; };
/* End PBXFileReference section */

/* Begin PBXFrameworksBuildPhase section */
		015012E219E7CE94006BF900 /* Frameworks */ = {
			isa = PBXFrameworksBuildPhase;
			buildActionMask = 2147483647;
			files = (
			);
			runOnlyForDeploymentPostprocessing = 0;
		};
		015012F719E7CE94006BF900 /* Frameworks */ = {
			isa = PBXFrameworksBuildPhase;
			buildActionMask = 2147483647;
			files = (
			);
			runOnlyForDeploymentPostprocessing = 0;
		};
/* End PBXFrameworksBuildPhase section */

/* Begin PBXGroup section */
		015012DC19E7CE94006BF900 = {
			isa = PBXGroup;
			children = (
				015012E719E7CE94006BF900 /* InstaLike+ */,
				015012FD19E7CE94006BF900 /* InstaLike+Tests */,
				015012E619E7CE94006BF900 /* Products */,
			);
			sourceTree = "<group>";
		};
		015012E619E7CE94006BF900 /* Products */ = {
			isa = PBXGroup;
			children = (
				015012E519E7CE94006BF900 /* InstaLike+.app */,
				015012FA19E7CE94006BF900 /* InstaLike+Tests.xctest */,
			);
			name = Products;
			sourceTree = "<group>";
		};
		015012E719E7CE94006BF900 /* InstaLike+ */ = {
			isa = PBXGroup;
			children = (
				015012EA19E7CE94006BF900 /* AppDelegate.swift */,
				015012EC19E7CE94006BF900 /* ViewController.swift */,
				015012EE19E7CE94006BF900 /* Main.storyboard */,
				015012F119E7CE94006BF900 /* Images.xcassets */,
				015012F319E7CE94006BF900 /* LaunchScreen.xib */,
				015012E819E7CE94006BF900 /* Supporting Files */,
			);
			path = "InstaLike+";
			sourceTree = "<group>";
		};
		015012E819E7CE94006BF900 /* Supporting Files */ = {
			isa = PBXGroup;
			children = (
				015012E919E7CE94006BF900 /* Info.plist */,
			);
			name = "Supporting Files";
			sourceTree = "<group>";
		};
		015012FD19E7CE94006BF900 /* InstaLike+Tests */ = {
			isa = PBXGroup;
			children = (
				0150130019E7CE94006BF900 /* InstaLike_Tests.swift */,
				015012FE19E7CE94006BF900 /* Supporting Files */,
			);
			path = "InstaLike+Tests";
			sourceTree = "<group>";
		};
		015012FE19E7CE94006BF900 /* Supporting Files */ = {
			isa = PBXGroup;
			children = (
				015012FF19E7CE94006BF900 /* Info.plist */,
			);
			name = "Supporting Files";
			sourceTree = "<group>";
		};
/* End PBXGroup section */

/* Begin PBXNativeTarget section */
		015012E419E7CE94006BF900 /* InstaLike+ */ = {
			isa = PBXNativeTarget;
			buildConfigurationList = 0150130419E7CE94006BF900 /* Build configuration list for PBXNativeTarget "InstaLike+" */;
			buildPhases = (
				015012E119E7CE94006BF900 /* Sources */,
				015012E219E7CE94006BF900 /* Frameworks */,
				015012E319E7CE94006BF900 /* Resources */,
			);
			buildRules = (
			);
			dependencies = (
			);
			name = "InstaLike+";
			productName = "InstaLike+";
			productReference = 015012E519E7CE94006BF900 /* InstaLike+.app */;
			productType = "com.apple.product-type.application";
		};
		015012F919E7CE94006BF900 /* InstaLike+Tests */ = {
			isa = PBXNativeTarget;
			buildConfigurationList = 0150130719E7CE94006BF900 /* Build configuration list for PBXNativeTarget "InstaLike+Tests" */;
			buildPhases = (
				015012F619E7CE94006BF900 /* Sources */,
				015012F719E7CE94006BF900 /* Frameworks */,
				015012F819E7CE94006BF900 /* Resources */,
			);
			buildRules = (
			);
			dependencies = (
				015012FC19E7CE94006BF900 /* PBXTargetDependency */,
			);
			name = "InstaLike+Tests";
			productName = "InstaLike+Tests";
			productReference = 015012FA19E7CE94006BF900 /* InstaLike+Tests.xctest */;
			productType = "com.apple.product-type.bundle.unit-test";
		};
/* End PBXNativeTarget section */

/* Begin PBXProject section */
		015012DD19E7CE94006BF900 /* Project object */ = {
			isa = PBXProject;
			attributes = {
				LastUpgradeCheck = 0600;
				ORGANIZATIONNAME = "FIM Studio";
				TargetAttributes = {
					015012E419E7CE94006BF900 = {
						CreatedOnToolsVersion = 6.0.1;
					};
					015012F919E7CE94006BF900 = {
						CreatedOnToolsVersion = 6.0.1;
						TestTargetID = 015012E419E7CE94006BF900;
					};
				};
			};
			buildConfigurationList = 015012E019E7CE94006BF900 /* Build configuration list for PBXProject "InstaLike+" */;
			compatibilityVersion = "Xcode 3.2";
			developmentRegion = English;
			hasScannedForEncodings = 0;
			knownRegions = (
				en,
				Base,
			);
			mainGroup = 015012DC19E7CE94006BF900;
			productRefGroup = 015012E619E7CE94006BF900 /* Products */;
			projectDirPath = "";
			projectRoot = "";
			targets = (
				015012E419E7CE94006BF900 /* InstaLike+ */,
				015012F919E7CE94006BF900 /* InstaLike+Tests */,
			);
		};
/* End PBXProject section */

/* Begin PBXResourcesBuildPhase section */
		015012E319E7CE94006BF900 /* Resources */ = {
			isa = PBXResourcesBuildPhase;
			buildActionMask = 2147483647;
			files = (
				015012F019E7CE94006BF900 /* Main.storyboard in Resources */,
				015012F519E7CE94006BF900 /* LaunchScreen.xib in Resources */,
				015012F219E7CE94006BF900 /* Images.xcassets in Resources */,
			);
			runOnlyForDeploymentPostprocessing = 0;
		};
		015012F819E7CE94006BF900 /* Resources */ = {
			isa = PBXResourcesBuildPhase;
			buildActionMask = 2147483647;
			files = (
			);
			runOnlyForDeploymentPostprocessing = 0;
		};
/* End PBXResourcesBuildPhase section */

/* Begin PBXSourcesBuildPhase section */
		015012E119E7CE94006BF900 /* Sources */ = {
			isa = PBXSourcesBuildPhase;
			buildActionMask = 2147483647;
			files = (
				015012ED19E7CE94006BF900 /* ViewController.swift in Sources */,
				015012EB19E7CE94006BF900 /* AppDelegate.swift in Sources */,
			);
			runOnlyForDeploymentPostprocessing = 0;
		};
		015012F619E7CE94006BF900 /* Sources */ = {
			isa = PBXSourcesBuildPhase;
			buildActionMask = 2147483647;
			files = (
				0150130119E7CE94006BF900 /* InstaLike_Tests.swift in Sources */,
			);
			runOnlyForDeploymentPostprocessing = 0;
		};
/* End PBXSourcesBuildPhase section */

/* Begin PBXTargetDependency section */
		015012FC19E7CE94006BF900 /* PBXTargetDependency */ = {
			isa = PBXTargetDependency;
			target = 015012E419E7CE94006BF900 /* InstaLike+ */;
			targetProxy = 015012FB19E7CE94006BF900 /* PBXContainerItemProxy */;
		};
/* End PBXTargetDependency section */

/* Begin PBXVariantGroup section */
		015012EE19E7CE94006BF900 /* Main.storyboard */ = {
			isa = PBXVariantGroup;
			children = (
				015012EF19E7CE94006BF900 /* Base */,
			);
			name = Main.storyboard;
			sourceTree = "<group>";
		};
		015012F319E7CE94006BF900 /* LaunchScreen.xib */ = {
			isa = PBXVariantGroup;
			children = (
				015012F419E7CE94006BF900 /* Base */,
			);
			name = LaunchScreen.xib;
			sourceTree = "<group>";
		};
/* End PBXVariantGroup section */

/* Begin XCBuildConfiguration section */
		0150130219E7CE94006BF900 /* Debug */ = {
			isa = XCBuildConfiguration;
			buildSettings = {
				ALWAYS_SEARCH_USER_PATHS = NO;
				CLANG_CXX_LANGUAGE_STANDARD = "gnu++0x";
				CLANG_CXX_LIBRARY = "libc++";
				CLANG_ENABLE_MODULES = YES;
				CLANG_ENABLE_OBJC_ARC = YES;
				CLANG_WARN_BOOL_CONVERSION = YES;
				CLANG_WARN_CONSTANT_CONVERSION = YES;
				CLANG_WARN_DIRECT_OBJC_ISA_USAGE = YES_ERROR;
				CLANG_WARN_EMPTY_BODY = YES;
				CLANG_WARN_ENUM_CONVERSION = YES;
				CLANG_WARN_INT_CONVERSION = YES;
				CLANG_WARN_OBJC_ROOT_CLASS = YES_ERROR;
				CLANG_WARN_UNREACHABLE_CODE = YES;
				CLANG_WARN__DUPLICATE_METHOD_MATCH = YES;
				"CODE_SIGN_IDENTITY[sdk=iphoneos*]" = "iPhone Developer";
				COPY_PHASE_STRIP = NO;
				ENABLE_STRICT_OBJC_MSGSEND = YES;
				GCC_C_LANGUAGE_STANDARD = gnu99;
				GCC_DYNAMIC_NO_PIC = NO;
				GCC_OPTIMIZATION_LEVEL = 0;
				GCC_PREPROCESSOR_DEFINITIONS = (
					"DEBUG=1",
					"$(inherited)",
				);
				GCC_SYMBOLS_PRIVATE_EXTERN = NO;
				GCC_WARN_64_TO_32_BIT_CONVERSION = YES;
				GCC_WARN_ABOUT_RETURN_TYPE = YES_ERROR;
				GCC_WARN_UNDECLARED_SELECTOR = YES;
				GCC_WARN_UNINITIALIZED_AUTOS = YES_AGGRESSIVE;
				GCC_WARN_UNUSED_FUNCTION = YES;
				GCC_WARN_UNUSED_VARIABLE = YES;
				IPHONEOS_DEPLOYMENT_TARGET = 8.0;
				MTL_ENABLE_DEBUG_INFO = YES;
				ONLY_ACTIVE_ARCH = YES;
				SDKROOT = iphoneos;
				SWIFT_OPTIMIZATION_LEVEL = "-Onone";
			};
			name = Debug;
		};
		0150130319E7CE94006BF900 /* Release */ = {
			isa = XCBuildConfiguration;
			buildSettings = {
				ALWAYS_SEARCH_USER_PATHS = NO;
				CLANG_CXX_LANGUAGE_STANDARD = "gnu++0x";
				CLANG_CXX_LIBRARY = "libc++";
				CLANG_ENABLE_MODULES = YES;
				CLANG_ENABLE_OBJC_ARC = YES;
				CLANG_WARN_BOOL_CONVERSION = YES;
				CLANG_WARN_CONSTANT_CONVERSION = YES;
				CLANG_WARN_DIRECT_OBJC_ISA_USAGE = YES_ERROR;
				CLANG_WARN_EMPTY_BODY = YES;
				CLANG_WARN_ENUM_CONVERSION = YES;
				CLANG_WARN_INT_CONVERSION = YES;
				CLANG_WARN_OBJC_ROOT_CLASS = YES_ERROR;
				CLANG_WARN_UNREACHABLE_CODE = YES;
				CLANG_WARN__DUPLICATE_METHOD_MATCH = YES;
				"CODE_SIGN_IDENTITY[sdk=iphoneos*]" = "iPhone Developer";
				COPY_PHASE_STRIP = YES;
				ENABLE_NS_ASSERTIONS = NO;
				ENABLE_STRICT_OBJC_MSGSEND = YES;
				GCC_C_LANGUAGE_STANDARD = gnu99;
				GCC_WARN_64_TO_32_BIT_CONVERSION = YES;
				GCC_WARN_ABOUT_RETURN_TYPE = YES_ERROR;
				GCC_WARN_UNDECLARED_SELECTOR = YES;
				GCC_WARN_UNINITIALIZED_AUTOS = YES_AGGRESSIVE;
				GCC_WARN_UNUSED_FUNCTION = YES;
				GCC_WARN_UNUSED_VARIABLE = YES;
				IPHONEOS_DEPLOYMENT_TARGET = 8.0;
				MTL_ENABLE_DEBUG_INFO = NO;
				SDKROOT = iphoneos;
				VALIDATE_PRODUCT = YES;
			};
			name = Release;
		};
		0150130519E7CE94006BF900 /* Debug */ = {
			isa = XCBuildConfiguration;
			buildSettings = {
				ASSETCATALOG_COMPILER_APPICON_NAME = AppIcon;
				INFOPLIST_FILE = "InstaLike+/Info.plist";
				LD_RUNPATH_SEARCH_PATHS = "$(inherited) @executable_path/Frameworks";
				PRODUCT_NAME = "$(TARGET_NAME)";
			};
			name = Debug;
		};
		0150130619E7CE94006BF900 /* Release */ = {
			isa = XCBuildConfiguration;
			buildSettings = {
				ASSETCATALOG_COMPILER_APPICON_NAME = AppIcon;
				INFOPLIST_FILE = "InstaLike+/Info.plist";
				LD_RUNPATH_SEARCH_PATHS = "$(inherited) @executable_path/Frameworks";
				PRODUCT_NAME = "$(TARGET_NAME)";
			};
			name = Release;
		};
		0150130819E7CE94006BF900 /* Debug */ = {
			isa = XCBuildConfiguration;
			buildSettings = {
				BUNDLE_LOADER = "$(TEST_HOST)";
				FRAMEWORK_SEARCH_PATHS = (
					"$(SDKROOT)/Developer/Library/Frameworks",
					"$(inherited)",
				);
				GCC_PREPROCESSOR_DEFINITIONS = (
					"DEBUG=1",
					"$(inherited)",
				);
				INFOPLIST_FILE = "InstaLike+Tests/Info.plist";
				LD_RUNPATH_SEARCH_PATHS = "$(inherited) @executable_path/Frameworks @loader_path/Frameworks";
				PRODUCT_NAME = "$(TARGET_NAME)";
				TEST_HOST = "$(BUILT_PRODUCTS_DIR)/InstaLike+.app/InstaLike+";
			};
			name = Debug;
		};
		0150130919E7CE94006BF900 /* Release */ = {
			isa = XCBuildConfiguration;
			buildSettings = {
				BUNDLE_LOADER = "$(TEST_HOST)";
				FRAMEWORK_SEARCH_PATHS = (
					"$(SDKROOT)/Developer/Library/Frameworks",
					"$(inherited)",
				);
				INFOPLIST_FILE = "InstaLike+Tests/Info.plist";
				LD_RUNPATH_SEARCH_PATHS = "$(inherited) @executable_path/Frameworks @loader_path/Frameworks";
				PRODUCT_NAME = "$(TARGET_NAME)";
				TEST_HOST = "$(BUILT_PRODUCTS_DIR)/InstaLike+.app/InstaLike+";
			};
			name = Release;
		};
/* End XCBuildConfiguration section */

/* Begin XCConfigurationList section */
		015012E019E7CE94006BF900 /* Build configuration list for PBXProject "InstaLike+" */ = {
			isa = XCConfigurationList;
			buildConfigurations = (
				0150130219E7CE94006BF900 /* Debug */,
				0150130319E7CE94006BF900 /* Release */,
			);
			defaultConfigurationIsVisible = 0;
			defaultConfigurationName = Release;
		};
		0150130419E7CE94006BF900 /* Build configuration list for PBXNativeTarget "InstaLike+" */ = {
			isa = XCConfigurationList;
			buildConfigurations = (
				0150130519E7CE94006BF900 /* Debug */,
				0150130619E7CE94006BF900 /* Release */,
			);
			defaultConfigurationIsVisible = 0;
		};
		0150130719E7CE94006BF900 /* Build configuration list for PBXNativeTarget "InstaLike+Tests" */ = {
			isa = XCConfigurationList;
			buildConfigurations = (
				0150130819E7CE94006BF900 /* Debug */,
				0150130919E7CE94006BF900 /* Release */,
			);
			defaultConfigurationIsVisible = 0;
		};
/* End XCConfigurationList section */
	};
	rootObject = 015012DD19E7CE94006BF900 /* Project object */;
}
